# generated by rye
# use `rye lock` or `rye sync` to update this lockfile
#
# last locked with the following flags:
#   pre: false
#   features: []
#   all-features: false
#   with-sources: false
#   generate-hashes: false
#   universal: false

-e file:.
absl-py==2.1.0
    # via tensorboard
antlr4-python3-runtime==4.9.3
    # via omegaconf
asttokens==2.4.1
    # via icecream
colorama==0.4.6
    # via icecream
executing==2.1.0
    # via icecream
filelock==3.16.1
    # via torch
find-libpython==0.4.0
    # via neuron
fsspec==2024.9.0
    # via torch
grpcio==1.67.0
    # via tensorboard
h5py==3.12.1
    # via nir
icecream==2.1.3
    # via csnt
jinja2==3.1.4
    # via torch
joblib==1.4.2
    # via scikit-learn
markdown==3.7
    # via tensorboard
markupsafe==3.0.1
    # via jinja2
    # via werkzeug
mpmath==1.3.0
    # via sympy
networkx==3.4.1
    # via torch
neuron==8.2.6
    # via csnt
nir==1.0.4
    # via nirtorch
    # via norse
nirtorch==1.0
    # via norse
norse==1.1.0
    # via csnt
numpy==1.26.4
    # via h5py
    # via neuron
    # via nir
    # via norse
    # via scikit-learn
    # via scipy
    # via tensorboard
    # via torchvision
omegaconf==2.3.0
    # via csnt
packaging==24.1
    # via neuron
    # via pytorch-ignite
    # via tensorboard
pillow==10.4.0
    # via torchvision
protobuf==5.28.3
    # via tensorboard
pygments==2.18.0
    # via icecream
pytorch-ignite==0.5.1
    # via csnt
pyyaml==6.0.2
    # via omegaconf
scikit-learn==1.5.2
    # via csnt
scipy==1.14.1
    # via scikit-learn
setuptools==75.1.0
    # via neuron
    # via tensorboard
six==1.16.0
    # via asttokens
    # via tensorboard
sympy==1.13.3
    # via torch
tensorboard==2.18.0
    # via csnt
tensorboard-data-server==0.7.2
    # via tensorboard
threadpoolctl==3.5.0
    # via scikit-learn
torch==2.4.1
    # via csnt
    # via nirtorch
    # via norse
    # via pytorch-ignite
    # via torchvision
torchvision==0.19.1
    # via norse
tqdm==4.66.5
    # via csnt
typing-extensions==4.12.2
    # via torch
werkzeug==3.0.4
    # via tensorboard
